
Microsoft Visual Studio Solution File, Format Version 12.00
# Visual Studio Version 17
VisualStudioVersion = 17.4.33110.190
MinimumVisualStudioVersion = 10.0.40219.1
Project("{FAE04EC0-301F-11D3-BF4B-00C04F79EFBC}") = "AlgoritimosMentoria", "AlgoritimosMentoria.csproj", "{EEF8138A-9A2C-43B9-B0EE-605BBF835AE6}"
EndProject
Global
	GlobalSection(SolutionConfigurationPlatforms) = preSolution
		Debug|Any CPU = Debug|Any CPU
		Release|Any CPU = Release|Any CPU
	EndGlobalSection
	GlobalSection(ProjectConfigurationPlatforms) = postSolution
		{EEF8138A-9A2C-43B9-B0EE-605BBF835AE6}.Debug|Any CPU.ActiveCfg = Debug|Any CPU
		{EEF8138A-9A2C-43B9-B0EE-605BBF835AE6}.Debug|Any CPU.Build.0 = Debug|Any CPU
		{EEF8138A-9A2C-43B9-B0EE-605BBF835AE6}.Release|Any CPU.ActiveCfg = Release|Any CPU
		{EEF8138A-9A2C-43B9-B0EE-605BBF835AE6}.Release|Any CPU.Build.0 = Release|Any CPU
	EndGlobalSection
	GlobalSection(SolutionProperties) = preSolution
		HideSolutionNode = FALSE
	EndGlobalSection
	GlobalSection(ExtensibilityGlobals) = postSolution
		SolutionGuid = {B08A3EAD-91DD-42D3-AA6A-41D54E644459}
	EndGlobalSection
EndGlobal
